
Microsoft Visual Studio Solution File, Format Version 12.00
# Visual Studio Version 16
VisualStudioVersion = 16.0.30406.217
MinimumVisualStudioVersion = 10.0.40219.1
Project("{2150E333-8FDC-42A3-9474-1A3956D46DE8}") = "all", "all", "{1D4D6BAB-BDCA-48C7-B032-575D40D1D349}"
EndProject
Project("{2150E333-8FDC-42A3-9474-1A3956D46DE8}") = "extend", "extend", "{63562A69-5B42-42D7-A086-2BE59AAE7077}"
EndProject
Project("{2150E333-8FDC-42A3-9474-1A3956D46DE8}") = "easy2d", "easy2d", "{F70FF6C0-FD69-49DD-A63B-54CD33AA35DB}"
EndProject
Project("{2150E333-8FDC-42A3-9474-1A3956D46DE8}") = "tools", "tools", "{FD583DBB-C1CE-4D85-B9B9-EF52FF77E8B3}"
EndProject
Project("{8BC9CEB8-8B4A-11D0-8D11-00A0C91BC942}") = "freetype", "extend\freetype\freetype.vcxproj", "{16A1BC78-2397-48F3-B446-84011D2A545E}"
EndProject
Project("{8BC9CEB8-8B4A-11D0-8D11-00A0C91BC942}") = "easy2d", "easy2d\easy2d.vcxproj", "{50149E84-CB12-4C94-A648-CF522614804F}"
EndProject
Project("{8BC9CEB8-8B4A-11D0-8D11-00A0C91BC942}") = "e2d_game", "platform\windows\e2d_game.vcxproj", "{2B5B8B79-3656-45A0-AD7F-E5E7720E0111}"
	ProjectSection(ProjectDependencies) = postProject
		{50149E84-CB12-4C94-A648-CF522614804F} = {50149E84-CB12-4C94-A648-CF522614804F}
	EndProjectSection
EndProject
Project("{8BC9CEB8-8B4A-11D0-8D11-00A0C91BC942}") = "glad", "extend\glad\glad.vcxproj", "{F072E6AF-BCBD-4925-B69F-B3C900DF3DA0}"
EndProject
Project("{8BC9CEB8-8B4A-11D0-8D11-00A0C91BC942}") = "glfw", "extend\glfw\glfw.vcxproj", "{6D8FBB97-3E18-4342-85C5-CACE30E956BE}"
EndProject
Project("{2150E333-8FDC-42A3-9474-1A3956D46DE8}") = "luaext", "luaext", "{8F095FCF-F133-48BE-8063-01F33D2D1172}"
EndProject
Project("{8BC9CEB8-8B4A-11D0-8D11-00A0C91BC942}") = "lualib", "extend\luaext\lua\lualib.vcxproj", "{04A56D34-22A4-407E-8027-8EA5CFF8B751}"
EndProject
Project("{8BC9CEB8-8B4A-11D0-8D11-00A0C91BC942}") = "lualog", "extend\luaext\lualog\lualog.vcxproj", "{C2DD1C67-5A7A-48F9-A860-FE4B92F6D1BD}"
EndProject
Global
	GlobalSection(SolutionConfigurationPlatforms) = preSolution
		ReleaseDebug|x64 = ReleaseDebug|x64
		ReleaseDebug|x86 = ReleaseDebug|x86
	EndGlobalSection
	GlobalSection(ProjectConfigurationPlatforms) = postSolution
		{16A1BC78-2397-48F3-B446-84011D2A545E}.ReleaseDebug|x64.ActiveCfg = ReleaseDebug|x64
		{16A1BC78-2397-48F3-B446-84011D2A545E}.ReleaseDebug|x64.Build.0 = ReleaseDebug|x64
		{16A1BC78-2397-48F3-B446-84011D2A545E}.ReleaseDebug|x86.ActiveCfg = ReleaseDebug|Win32
		{16A1BC78-2397-48F3-B446-84011D2A545E}.ReleaseDebug|x86.Build.0 = ReleaseDebug|Win32
		{50149E84-CB12-4C94-A648-CF522614804F}.ReleaseDebug|x64.ActiveCfg = ReleaseDebug|x64
		{50149E84-CB12-4C94-A648-CF522614804F}.ReleaseDebug|x64.Build.0 = ReleaseDebug|x64
		{50149E84-CB12-4C94-A648-CF522614804F}.ReleaseDebug|x86.ActiveCfg = ReleaseDebug|Win32
		{50149E84-CB12-4C94-A648-CF522614804F}.ReleaseDebug|x86.Build.0 = ReleaseDebug|Win32
		{2B5B8B79-3656-45A0-AD7F-E5E7720E0111}.ReleaseDebug|x64.ActiveCfg = ReleaseDebug|x64
		{2B5B8B79-3656-45A0-AD7F-E5E7720E0111}.ReleaseDebug|x64.Build.0 = ReleaseDebug|x64
		{2B5B8B79-3656-45A0-AD7F-E5E7720E0111}.ReleaseDebug|x86.ActiveCfg = ReleaseDebug|Win32
		{2B5B8B79-3656-45A0-AD7F-E5E7720E0111}.ReleaseDebug|x86.Build.0 = ReleaseDebug|Win32
		{F072E6AF-BCBD-4925-B69F-B3C900DF3DA0}.ReleaseDebug|x64.ActiveCfg = ReleaseDebug|x64
		{F072E6AF-BCBD-4925-B69F-B3C900DF3DA0}.ReleaseDebug|x64.Build.0 = ReleaseDebug|x64
		{F072E6AF-BCBD-4925-B69F-B3C900DF3DA0}.ReleaseDebug|x86.ActiveCfg = ReleaseDebug|Win32
		{F072E6AF-BCBD-4925-B69F-B3C900DF3DA0}.ReleaseDebug|x86.Build.0 = ReleaseDebug|Win32
		{6D8FBB97-3E18-4342-85C5-CACE30E956BE}.ReleaseDebug|x64.ActiveCfg = ReleaseDebug|x64
		{6D8FBB97-3E18-4342-85C5-CACE30E956BE}.ReleaseDebug|x64.Build.0 = ReleaseDebug|x64
		{6D8FBB97-3E18-4342-85C5-CACE30E956BE}.ReleaseDebug|x86.ActiveCfg = ReleaseDebug|Win32
		{6D8FBB97-3E18-4342-85C5-CACE30E956BE}.ReleaseDebug|x86.Build.0 = ReleaseDebug|Win32
		{04A56D34-22A4-407E-8027-8EA5CFF8B751}.ReleaseDebug|x64.ActiveCfg = ReleaseDebug|x64
		{04A56D34-22A4-407E-8027-8EA5CFF8B751}.ReleaseDebug|x64.Build.0 = ReleaseDebug|x64
		{04A56D34-22A4-407E-8027-8EA5CFF8B751}.ReleaseDebug|x86.ActiveCfg = ReleaseDebug|Win32
		{04A56D34-22A4-407E-8027-8EA5CFF8B751}.ReleaseDebug|x86.Build.0 = ReleaseDebug|Win32
		{C2DD1C67-5A7A-48F9-A860-FE4B92F6D1BD}.ReleaseDebug|x64.ActiveCfg = ReleaseDebug|x64
		{C2DD1C67-5A7A-48F9-A860-FE4B92F6D1BD}.ReleaseDebug|x64.Build.0 = ReleaseDebug|x64
		{C2DD1C67-5A7A-48F9-A860-FE4B92F6D1BD}.ReleaseDebug|x86.ActiveCfg = ReleaseDebug|Win32
		{C2DD1C67-5A7A-48F9-A860-FE4B92F6D1BD}.ReleaseDebug|x86.Build.0 = ReleaseDebug|Win32
	EndGlobalSection
	GlobalSection(SolutionProperties) = preSolution
		HideSolutionNode = FALSE
	EndGlobalSection
	GlobalSection(NestedProjects) = preSolution
		{63562A69-5B42-42D7-A086-2BE59AAE7077} = {1D4D6BAB-BDCA-48C7-B032-575D40D1D349}
		{F70FF6C0-FD69-49DD-A63B-54CD33AA35DB} = {1D4D6BAB-BDCA-48C7-B032-575D40D1D349}
		{FD583DBB-C1CE-4D85-B9B9-EF52FF77E8B3} = {1D4D6BAB-BDCA-48C7-B032-575D40D1D349}
		{16A1BC78-2397-48F3-B446-84011D2A545E} = {63562A69-5B42-42D7-A086-2BE59AAE7077}
		{50149E84-CB12-4C94-A648-CF522614804F} = {F70FF6C0-FD69-49DD-A63B-54CD33AA35DB}
		{2B5B8B79-3656-45A0-AD7F-E5E7720E0111} = {F70FF6C0-FD69-49DD-A63B-54CD33AA35DB}
		{F072E6AF-BCBD-4925-B69F-B3C900DF3DA0} = {63562A69-5B42-42D7-A086-2BE59AAE7077}
		{6D8FBB97-3E18-4342-85C5-CACE30E956BE} = {63562A69-5B42-42D7-A086-2BE59AAE7077}
		{8F095FCF-F133-48BE-8063-01F33D2D1172} = {1D4D6BAB-BDCA-48C7-B032-575D40D1D349}
		{04A56D34-22A4-407E-8027-8EA5CFF8B751} = {8F095FCF-F133-48BE-8063-01F33D2D1172}
		{C2DD1C67-5A7A-48F9-A860-FE4B92F6D1BD} = {8F095FCF-F133-48BE-8063-01F33D2D1172}
	EndGlobalSection
	GlobalSection(ExtensibilityGlobals) = postSolution
		SolutionGuid = {89F4D576-CC3C-458E-ACD6-30B42E1869FA}
	EndGlobalSection
EndGlobal
