<?xml version="1.0" encoding="utf-8"?>
<Project ToolsVersion="4.0" xmlns="http://schemas.microsoft.com/developer/msbuild/2003">
  <ItemGroup>
    <ClCompile Include="src\base\e2d_color.cpp">
      <Filter>base</Filter>
    </ClCompile>
    <ClCompile Include="src\base\e2d_blend.cpp">
      <Filter>base</Filter>
    </ClCompile>
    <ClCompile Include="src\resource\e2d_resource_group.cpp">
      <Filter>resource</Filter>
    </ClCompile>
    <ClCompile Include="src\graphics\e2d_texture2d.cpp">
      <Filter>graphics</Filter>
    </ClCompile>
    <ClCompile Include="src\graphics\e2d_font.cpp">
      <Filter>graphics</Filter>
    </ClCompile>
    <ClCompile Include="src\graphics\e2d_font_manager.cpp">
      <Filter>graphics</Filter>
    </ClCompile>
    <ClCompile Include="src\graphics\e2d_texture_manager.cpp">
      <Filter>graphics</Filter>
    </ClCompile>
    <ClCompile Include="src\graphics\e2d_image.cpp">
      <Filter>graphics</Filter>
    </ClCompile>
    <ClCompile Include="src\math\e2d_aabb.cpp">
      <Filter>math</Filter>
    </ClCompile>
    <ClCompile Include="src\math\e2d_angel.cpp">
      <Filter>math</Filter>
    </ClCompile>
    <ClCompile Include="src\math\e2d_math.cpp">
      <Filter>math</Filter>
    </ClCompile>
    <ClCompile Include="src\math\e2d_matrix.cpp">
      <Filter>math</Filter>
    </ClCompile>
    <ClCompile Include="src\math\e2d_rect.cpp">
      <Filter>math</Filter>
    </ClCompile>
    <ClCompile Include="src\math\e2d_vector2d.cpp">
      <Filter>math</Filter>
    </ClCompile>
    <ClCompile Include="src\math\e2d_vector3d.cpp">
      <Filter>math</Filter>
    </ClCompile>
    <ClCompile Include="src\math\e2d_vector4d.cpp">
      <Filter>math</Filter>
    </ClCompile>
    <ClCompile Include="src\graphics\e2d_shader.cpp">
      <Filter>graphics</Filter>
    </ClCompile>
  </ItemGroup>
  <ItemGroup>
    <ClInclude Include="src\base\e2d_color.h">
      <Filter>base</Filter>
    </ClInclude>
    <ClInclude Include="src\base\e2d_blend.h">
      <Filter>base</Filter>
    </ClInclude>
    <ClInclude Include="src\base\e2d_types.h">
      <Filter>base</Filter>
    </ClInclude>
    <ClInclude Include="src\e2d_config.h">
      <Filter>inc</Filter>
    </ClInclude>
    <ClInclude Include="src\resource\e2d_resource.h">
      <Filter>resource</Filter>
    </ClInclude>
    <ClInclude Include="src\resource\e2d_resource_group.h">
      <Filter>resource</Filter>
    </ClInclude>
    <ClInclude Include="src\resource\e2d_resource_manager.h">
      <Filter>resource</Filter>
    </ClInclude>
    <ClInclude Include="src\graphics\e2d_texture2d.h">
      <Filter>graphics</Filter>
    </ClInclude>
    <ClInclude Include="src\graphics\e2d_font.h">
      <Filter>graphics</Filter>
    </ClInclude>
    <ClInclude Include="src\graphics\e2d_font_manager.h">
      <Filter>graphics</Filter>
    </ClInclude>
    <ClInclude Include="src\graphics\e2d_texture_manager.h">
      <Filter>graphics</Filter>
    </ClInclude>
    <ClInclude Include="src\graphics\e2d_image.h">
      <Filter>graphics</Filter>
    </ClInclude>
    <ClInclude Include="src\base\e2d_singleton.h">
      <Filter>base</Filter>
    </ClInclude>
    <ClInclude Include="src\math\e2d_aabb.h">
      <Filter>math</Filter>
    </ClInclude>
    <ClInclude Include="src\math\e2d_angel.h">
      <Filter>math</Filter>
    </ClInclude>
    <ClInclude Include="src\math\e2d_math.h">
      <Filter>math</Filter>
    </ClInclude>
    <ClInclude Include="src\math\e2d_matrix.h">
      <Filter>math</Filter>
    </ClInclude>
    <ClInclude Include="src\math\e2d_rect.h">
      <Filter>math</Filter>
    </ClInclude>
    <ClInclude Include="src\math\e2d_vector2d.h">
      <Filter>math</Filter>
    </ClInclude>
    <ClInclude Include="src\math\e2d_vector3d.h">
      <Filter>math</Filter>
    </ClInclude>
    <ClInclude Include="src\math\e2d_vector4d.h">
      <Filter>math</Filter>
    </ClInclude>
    <ClInclude Include="src\graphics\e2d_shader.h">
      <Filter>graphics</Filter>
    </ClInclude>
  </ItemGroup>
  <ItemGroup>
    <Filter Include="base">
      <UniqueIdentifier>{ef4f5a4f-700f-489f-960c-77d5c984794e}</UniqueIdentifier>
    </Filter>
    <Filter Include="inc">
      <UniqueIdentifier>{eb742b04-8bcc-416d-8d29-2d35a7dd660a}</UniqueIdentifier>
    </Filter>
    <Filter Include="resource">
      <UniqueIdentifier>{ad794501-1da9-41f5-a357-0cb63aebfa4c}</UniqueIdentifier>
    </Filter>
    <Filter Include="graphics">
      <UniqueIdentifier>{65501c58-b5a0-4bbc-a99e-d35a6cf1a362}</UniqueIdentifier>
    </Filter>
    <Filter Include="math">
      <UniqueIdentifier>{7366264e-2b7d-4f24-8c86-73b0108e929c}</UniqueIdentifier>
    </Filter>
  </ItemGroup>
</Project>